// !$*UTF8*$!
{
	archiveVersion = 1;
	classes = {
	};
	objectVersion = 46;
	objects = {

/* Begin PBXBuildFile section */
		8BDF20E41F46755000571355 /* main.m in Sources */ = {isa = PBXBuildFile; fileRef = 8BDF20E31F46755000571355 /* main.m */; };
		8BDF20E71F46755000571355 /* AppDelegate.m in Sources */ = {isa = PBXBuildFile; fileRef = 8BDF20E61F46755000571355 /* AppDelegate.m */; };
		8BDF20EA1F46755000571355 /* ViewController.m in Sources */ = {isa = PBXBuildFile; fileRef = 8BDF20E91F46755000571355 /* ViewController.m */; };
		8BDF20ED1F46755000571355 /* Main.storyboard in Resources */ = {isa = PBXBuildFile; fileRef = 8BDF20EB1F46755000571355 /* Main.storyboard */; };
		8BDF20EF1F46755100571355 /* Assets.xcassets in Resources */ = {isa = PBXBuildFile; fileRef = 8BDF20EE1F46755100571355 /* Assets.xcassets */; };
		8BDF20F21F46755100571355 /* LaunchScreen.storyboard in Resources */ = {isa = PBXBuildFile; fileRef = 8BDF20F01F46755100571355 /* LaunchScreen.storyboard */; };
		8BDF20FB1F46756F00571355 /* SYPaneView.m in Sources */ = {isa = PBXBuildFile; fileRef = 8BDF20FA1F46756F00571355 /* SYPaneView.m */; };
/* End PBXBuildFile section */

/* Begin PBXFileReference section */
		8BDF20DF1F46755000571355 /* SYPanView.app */ = {isa = PBXFileReference; explicitFileType = wrapper.application; includeInIndex = 0; path = SYPanView.app; sourceTree = BUILT_PRODUCTS_DIR; };
		8BDF20E31F46755000571355 /* main.m */ = {isa = PBXFileReference; lastKnownFileType = sourcecode.c.objc; path = main.m; sourceTree = "<group>"; };
		8BDF20E51F46755000571355 /* AppDelegate.h */ = {isa = PBXFileReference; lastKnownFileType = sourcecode.c.h; path = AppDelegate.h; sourceTree = "<group>"; };
		8BDF20E61F46755000571355 /* AppDelegate.m */ = {isa = PBXFileReference; lastKnownFileType = sourcecode.c.objc; path = AppDelegate.m; sourceTree = "<group>"; };
		8BDF20E81F46755000571355 /* ViewController.h */ = {isa = PBXFileReference; lastKnownFileType = sourcecode.c.h; path = ViewController.h; sourceTree = "<group>"; };
		8BDF20E91F46755000571355 /* ViewController.m */ = {isa = PBXFileReference; lastKnownFileType = sourcecode.c.objc; path = ViewController.m; sourceTree = "<group>"; };
		8BDF20EC1F46755000571355 /* Base */ = {isa = PBXFileReference; lastKnownFileType = file.storyboard; name = Base; path = Base.lproj/Main.storyboard; sourceTree = "<group>"; };
		8BDF20EE1F46755100571355 /* Assets.xcassets */ = {isa = PBXFileReference; lastKnownFileType = folder.assetcatalog; path = Assets.xcassets; sourceTree = "<group>"; };
		8BDF20F11F46755100571355 /* Base */ = {isa = PBXFileReference; lastKnownFileType = file.storyboard; name = Base; path = Base.lproj/LaunchScreen.storyboard; sourceTree = "<group>"; };
		8BDF20F31F46755100571355 /* Info.plist */ = {isa = PBXFileReference; lastKnownFileType = text.plist.xml; path = Info.plist; sourceTree = "<group>"; };
		8BDF20F91F46756F00571355 /* SYPaneView.h */ = {isa = PBXFileReference; fileEncoding = 4; lastKnownFileType = sourcecode.c.h; path = SYPaneView.h; sourceTree = "<group>"; };
		8BDF20FA1F46756F00571355 /* SYPaneView.m */ = {isa = PBXFileReference; fileEncoding = 4; lastKnownFileType = sourcecode.c.objc; path = SYPaneView.m; sourceTree = "<group>"; };
/* End PBXFileReference section */

/* Begin PBXFrameworksBuildPhase section */
		8BDF20DC1F46755000571355 /* Frameworks */ = {
			isa = PBXFrameworksBuildPhase;
			buildActionMask = 2147483647;
			files = (
			);
			runOnlyForDeploymentPostprocessing = 0;
		};
/* End PBXFrameworksBuildPhase section */

/* Begin PBXGroup section */
		8BDF20D61F46755000571355 = {
			isa = PBXGroup;
			children = (
				8BDF20E11F46755000571355 /* SYPanView */,
				8BDF20E01F46755000571355 /* Products */,
			);
			sourceTree = "<group>";
		};
		8BDF20E01F46755000571355 /* Products */ = {
			isa = PBXGroup;
			children = (
				8BDF20DF1F46755000571355 /* SYPanView.app */,
			);
			name = Products;
			sourceTree = "<group>";
		};
		8BDF20E11F46755000571355 /* SYPanView */ = {
			isa = PBXGroup;
			children = (
				8BDF20E51F46755000571355 /* AppDelegate.h */,
				8BDF20E61F46755000571355 /* AppDelegate.m */,
				8BDF20E81F46755000571355 /* ViewController.h */,
				8BDF20E91F46755000571355 /* ViewController.m */,
				8BDF20F91F46756F00571355 /* SYPaneView.h */,
				8BDF20FA1F46756F00571355 /* SYPaneView.m */,
				8BDF20EB1F46755000571355 /* Main.storyboard */,
				8BDF20EE1F46755100571355 /* Assets.xcassets */,
				8BDF20F01F46755100571355 /* LaunchScreen.storyboard */,
				8BDF20F31F46755100571355 /* Info.plist */,
				8BDF20E21F46755000571355 /* Supporting Files */,
			);
			path = SYPanView;
			sourceTree = "<group>";
		};
		8BDF20E21F46755000571355 /* Supporting Files */ = {
			isa = PBXGroup;
			children = (
				8BDF20E31F46755000571355 /* main.m */,
			);
			name = "Supporting Files";
			sourceTree = "<group>";
		};
/* End PBXGroup section */

/* Begin PBXNativeTarget section */
		8BDF20DE1F46755000571355 /* SYPanView */ = {
			isa = PBXNativeTarget;
			buildConfigurationList = 8BDF20F61F46755100571355 /* Build configuration list for PBXNativeTarget "SYPanView" */;
			buildPhases = (
				8BDF20DB1F46755000571355 /* Sources */,
				8BDF20DC1F46755000571355 /* Frameworks */,
				8BDF20DD1F46755000571355 /* Resources */,
			);
			buildRules = (
			);
			dependencies = (
			);
			name = SYPanView;
			productName = SYPanView;
			productReference = 8BDF20DF1F46755000571355 /* SYPanView.app */;
			productType = "com.apple.product-type.application";
		};
/* End PBXNativeTarget section */

/* Begin PBXProject section */
		8BDF20D71F46755000571355 /* Project object */ = {
			isa = PBXProject;
			attributes = {
				LastUpgradeCheck = 0830;
				ORGANIZATIONNAME = Yunis;
				TargetAttributes = {
					8BDF20DE1F46755000571355 = {
						CreatedOnToolsVersion = 8.3.3;
						ProvisioningStyle = Automatic;
					};
				};
			};
			buildConfigurationList = 8BDF20DA1F46755000571355 /* Build configuration list for PBXProject "SYPanView" */;
			compatibilityVersion = "Xcode 3.2";
			developmentRegion = English;
			hasScannedForEncodings = 0;
			knownRegions = (
				en,
				Base,
			);
			mainGroup = 8BDF20D61F46755000571355;
			productRefGroup = 8BDF20E01F46755000571355 /* Products */;
			projectDirPath = "";
			projectRoot = "";
			targets = (
				8BDF20DE1F46755000571355 /* SYPanView */,
			);
		};
/* End PBXProject section */

/* Begin PBXResourcesBuildPhase section */
		8BDF20DD1F46755000571355 /* Resources */ = {
			isa = PBXResourcesBuildPhase;
			buildActionMask = 2147483647;
			files = (
				8BDF20F21F46755100571355 /* LaunchScreen.storyboard in Resources */,
				8BDF20EF1F46755100571355 /* Assets.xcassets in Resources */,
				8BDF20ED1F46755000571355 /* Main.storyboard in Resources */,
			);
			runOnlyForDeploymentPostprocessing = 0;
		};
/* End PBXResourcesBuildPhase section */

/* Begin PBXSourcesBuildPhase section */
		8BDF20DB1F46755000571355 /* Sources */ = {
			isa = PBXSourcesBuildPhase;
			buildActionMask = 2147483647;
			files = (
				8BDF20EA1F46755000571355 /* ViewController.m in Sources */,
				8BDF20E71F46755000571355 /* AppDelegate.m in Sources */,
				8BDF20FB1F46756F00571355 /* SYPaneView.m in Sources */,
				8BDF20E41F46755000571355 /* main.m in Sources */,
			);
			runOnlyForDeploymentPostprocessing = 0;
		};
/* End PBXSourcesBuildPhase section */

/* Begin PBXVariantGroup section */
		8BDF20EB1F46755000571355 /* Main.storyboard */ = {
			isa = PBXVariantGroup;
			children = (
				8BDF20EC1F46755000571355 /* Base */,
			);
			name = Main.storyboard;
			sourceTree = "<group>";
		};
		8BDF20F01F46755100571355 /* LaunchScreen.storyboard */ = {
			isa = PBXVariantGroup;
			children = (
				8BDF20F11F46755100571355 /* Base */,
			);
			name = LaunchScreen.storyboard;
			sourceTree = "<group>";
		};
/* End PBXVariantGroup section */

/* Begin XCBuildConfiguration section */
		8BDF20F41F46755100571355 /* Debug */ = {
			isa = XCBuildConfiguration;
			buildSettings = {
				ALWAYS_SEARCH_USER_PATHS = NO;
				CLANG_ANALYZER_NONNULL = YES;
				CLANG_ANALYZER_NUMBER_OBJECT_CONVERSION = YES_AGGRESSIVE;
				CLANG_CXX_LANGUAGE_STANDARD = "gnu++0x";
				CLANG_CXX_LIBRARY = "libc++";
				CLANG_ENABLE_MODULES = YES;
				CLANG_ENABLE_OBJC_ARC = YES;
				CLANG_WARN_BOOL_CONVERSION = YES;
				CLANG_WARN_CONSTANT_CONVERSION = YES;
				CLANG_WARN_DIRECT_OBJC_ISA_USAGE = YES_ERROR;
				CLANG_WARN_DOCUMENTATION_COMMENTS = YES;
				CLANG_WARN_EMPTY_BODY = YES;
				CLANG_WARN_ENUM_CONVERSION = YES;
				CLANG_WARN_INFINITE_RECURSION = YES;
				CLANG_WARN_INT_CONVERSION = YES;
				CLANG_WARN_OBJC_ROOT_CLASS = YES_ERROR;
				CLANG_WARN_SUSPICIOUS_MOVE = YES;
				CLANG_WARN_UNREACHABLE_CODE = YES;
				CLANG_WARN__DUPLICATE_METHOD_MATCH = YES;
				"CODE_SIGN_IDENTITY[sdk=iphoneos*]" = "iPhone Developer";
				COPY_PHASE_STRIP = NO;
				DEBUG_INFORMATION_FORMAT = dwarf;
				ENABLE_STRICT_OBJC_MSGSEND = YES;
				ENABLE_TESTABILITY = YES;
				GCC_C_LANGUAGE_STANDARD = gnu99;
				GCC_DYNAMIC_NO_PIC = NO;
				GCC_NO_COMMON_BLOCKS = YES;
				GCC_OPTIMIZATION_LEVEL = 0;
				GCC_PREPROCESSOR_DEFINITIONS = (
					"DEBUG=1",
					"$(inherited)",
				);
				GCC_WARN_64_TO_32_BIT_CONVERSION = YES;
				GCC_WARN_ABOUT_RETURN_TYPE = YES_ERROR;
				GCC_WARN_UNDECLARED_SELECTOR = YES;
				GCC_WARN_UNINITIALIZED_AUTOS = YES_AGGRESSIVE;
				GCC_WARN_UNUSED_FUNCTION = YES;
				GCC_WARN_UNUSED_VARIABLE = YES;
				IPHONEOS_DEPLOYMENT_TARGET = 10.3;
				MTL_ENABLE_DEBUG_INFO = YES;
				ONLY_ACTIVE_ARCH = YES;
				SDKROOT = iphoneos;
			};
			name = Debug;
		};
		8BDF20F51F46755100571355 /* Release */ = {
			isa = XCBuildConfiguration;
			buildSettings = {
				ALWAYS_SEARCH_USER_PATHS = NO;
				CLANG_ANALYZER_NONNULL = YES;
				CLANG_ANALYZER_NUMBER_OBJECT_CONVERSION = YES_AGGRESSIVE;
				CLANG_CXX_LANGUAGE_STANDARD = "gnu++0x";
				CLANG_CXX_LIBRARY = "libc++";
				CLANG_ENABLE_MODULES = YES;
				CLANG_ENABLE_OBJC_ARC = YES;
				CLANG_WARN_BOOL_CONVERSION = YES;
				CLANG_WARN_CONSTANT_CONVERSION = YES;
				CLANG_WARN_DIRECT_OBJC_ISA_USAGE = YES_ERROR;
				CLANG_WARN_DOCUMENTATION_COMMENTS = YES;
				CLANG_WARN_EMPTY_BODY = YES;
				CLANG_WARN_ENUM_CONVERSION = YES;
				CLANG_WARN_INFINITE_RECURSION = YES;
				CLANG_WARN_INT_CONVERSION = YES;
				CLANG_WARN_OBJC_ROOT_CLASS = YES_ERROR;
				CLANG_WARN_SUSPICIOUS_MOVE = YES;
				CLANG_WARN_UNREACHABLE_CODE = YES;
				CLANG_WARN__DUPLICATE_METHOD_MATCH = YES;
				"CODE_SIGN_IDENTITY[sdk=iphoneos*]" = "iPhone Developer";
				COPY_PHASE_STRIP = NO;
				DEBUG_INFORMATION_FORMAT = "dwarf-with-dsym";
				ENABLE_NS_ASSERTIONS = NO;
				ENABLE_STRICT_OBJC_MSGSEND = YES;
				GCC_C_LANGUAGE_STANDARD = gnu99;
				GCC_NO_COMMON_BLOCKS = YES;
				GCC_WARN_64_TO_32_BIT_CONVERSION = YES;
				GCC_WARN_ABOUT_RETURN_TYPE = YES_ERROR;
				GCC_WARN_UNDECLARED_SELECTOR = YES;
				GCC_WARN_UNINITIALIZED_AUTOS = YES_AGGRESSIVE;
				GCC_WARN_UNUSED_FUNCTION = YES;
				GCC_WARN_UNUSED_VARIABLE = YES;
				IPHONEOS_DEPLOYMENT_TARGET = 10.3;
				MTL_ENABLE_DEBUG_INFO = NO;
				SDKROOT = iphoneos;
				VALIDATE_PRODUCT = YES;
			};
			name = Release;
		};
		8BDF20F71F46755100571355 /* Debug */ = {
			isa = XCBuildConfiguration;
			buildSettings = {
				ASSETCATALOG_COMPILER_APPICON_NAME = AppIcon;
				INFOPLIST_FILE = SYPanView/Info.plist;
				LD_RUNPATH_SEARCH_PATHS = "$(inherited) @executable_path/Frameworks";
				PRODUCT_BUNDLE_IDENTIFIER = Yunis.SYPanView;
				PRODUCT_NAME = "$(TARGET_NAME)";
			};
			name = Debug;
		};
		8BDF20F81F46755100571355 /* Release */ = {
			isa = XCBuildConfiguration;
			buildSettings = {
				ASSETCATALOG_COMPILER_APPICON_NAME = AppIcon;
				INFOPLIST_FILE = SYPanView/Info.plist;
				LD_RUNPATH_SEARCH_PATHS = "$(inherited) @executable_path/Frameworks";
				PRODUCT_BUNDLE_IDENTIFIER = Yunis.SYPanView;
				PRODUCT_NAME = "$(TARGET_NAME)";
			};
			name = Release;
		};
/* End XCBuildConfiguration section */

/* Begin XCConfigurationList section */
		8BDF20DA1F46755000571355 /* Build configuration list for PBXProject "SYPanView" */ = {
			isa = XCConfigurationList;
			buildConfigurations = (
				8BDF20F41F46755100571355 /* Debug */,
				8BDF20F51F46755100571355 /* Release */,
			);
			defaultConfigurationIsVisible = 0;
			defaultConfigurationName = Release;
		};
		8BDF20F61F46755100571355 /* Build configuration list for PBXNativeTarget "SYPanView" */ = {
			isa = XCConfigurationList;
			buildConfigurations = (
				8BDF20F71F46755100571355 /* Debug */,
				8BDF20F81F46755100571355 /* Release */,
			);
			defaultConfigurationIsVisible = 0;
		};
/* End XCConfigurationList section */
	};
	rootObject = 8BDF20D71F46755000571355 /* Project object */;
}
